// !$*UTF8*$!
{
	archiveVersion = 1;
	classes = {
	};
	objectVersion = 50;
	objects = {

/* Begin PBXBuildFile section */
		AD6006D42724AC0D0039FFCA /* AppDelegate.swift in Sources */ = {isa = PBXBuildFile; fileRef = AD6006D32724AC0D0039FFCA /* AppDelegate.swift */; };
		AD6006D62724AC0D0039FFCA /* SceneDelegate.swift in Sources */ = {isa = PBXBuildFile; fileRef = AD6006D52724AC0D0039FFCA /* SceneDelegate.swift */; };
		AD6006D82724AC0D0039FFCA /* ContentView.swift in Sources */ = {isa = PBXBuildFile; fileRef = AD6006D72724AC0D0039FFCA /* ContentView.swift */; };
		AD6006E02724AC0F0039FFCA /* LaunchScreen.storyboard in Resources */ = {isa = PBXBuildFile; fileRef = AD6006DE2724AC0F0039FFCA /* LaunchScreen.storyboard */; };
		AD6006E52724B0AE0039FFCA /* keymapping.json in Resources */ = {isa = PBXBuildFile; fileRef = AD60069E2724885A0039FFCA /* keymapping.json */; };
		AD8327ED273D27DC00E22C74 /* Assets.xcassets in Resources */ = {isa = PBXBuildFile; fileRef = AD8327EC273D27DB00E22C74 /* Assets.xcassets */; };
		AD997AE02725AFB400882B70 /* Keyboard.appex in Embed App Extensions */ = {isa = PBXBuildFile; fileRef = ADF8CD5527240B0E0054C917 /* Keyboard.appex */; settings = {ATTRIBUTES = (RemoveHeadersOnCopy, ); }; };
		AD997AE52725B86800882B70 /* Settings.bundle in Resources */ = {isa = PBXBuildFile; fileRef = AD997AE42725B86800882B70 /* Settings.bundle */; };
		ADF8CD5827240B0E0054C917 /* KeyboardViewController.swift in Sources */ = {isa = PBXBuildFile; fileRef = ADF8CD5727240B0E0054C917 /* KeyboardViewController.swift */; };
/* End PBXBuildFile section */

/* Begin PBXContainerItemProxy section */
		AD997ADC2725AF4A00882B70 /* PBXContainerItemProxy */ = {
			isa = PBXContainerItemProxy;
			containerPortal = ADF8CD3727240A450054C917 /* Project object */;
			proxyType = 1;
			remoteGlobalIDString = ADF8CD5427240B0E0054C917;
			remoteInfo = Keyboard;
		};
		AD997AE12725AFB400882B70 /* PBXContainerItemProxy */ = {
			isa = PBXContainerItemProxy;
			containerPortal = ADF8CD3727240A450054C917 /* Project object */;
			proxyType = 1;
			remoteGlobalIDString = ADF8CD5427240B0E0054C917;
			remoteInfo = Keyboard;
		};
/* End PBXContainerItemProxy section */

/* Begin PBXCopyFilesBuildPhase section */
		AD997AE32725AFB400882B70 /* Embed App Extensions */ = {
			isa = PBXCopyFilesBuildPhase;
			buildActionMask = 2147483647;
			dstPath = "";
			dstSubfolderSpec = 13;
			files = (
				AD997AE02725AFB400882B70 /* Keyboard.appex in Embed App Extensions */,
			);
			name = "Embed App Extensions";
			runOnlyForDeploymentPostprocessing = 0;
		};
/* End PBXCopyFilesBuildPhase section */

/* Begin PBXFileReference section */
		AD60069E2724885A0039FFCA /* keymapping.json */ = {isa = PBXFileReference; fileEncoding = 4; lastKnownFileType = text.json; path = keymapping.json; sourceTree = "<group>"; };
		AD6006D12724AC0D0039FFCA /* Quirky.app */ = {isa = PBXFileReference; explicitFileType = wrapper.application; includeInIndex = 0; path = Quirky.app; sourceTree = BUILT_PRODUCTS_DIR; };
		AD6006D32724AC0D0039FFCA /* AppDelegate.swift */ = {isa = PBXFileReference; lastKnownFileType = sourcecode.swift; path = AppDelegate.swift; sourceTree = "<group>"; };
		AD6006D52724AC0D0039FFCA /* SceneDelegate.swift */ = {isa = PBXFileReference; lastKnownFileType = sourcecode.swift; path = SceneDelegate.swift; sourceTree = "<group>"; };
		AD6006D72724AC0D0039FFCA /* ContentView.swift */ = {isa = PBXFileReference; lastKnownFileType = sourcecode.swift; path = ContentView.swift; sourceTree = "<group>"; };
		AD6006DF2724AC0F0039FFCA /* Base */ = {isa = PBXFileReference; lastKnownFileType = file.storyboard; name = Base; path = Base.lproj/LaunchScreen.storyboard; sourceTree = "<group>"; };
		AD6006E12724AC0F0039FFCA /* Info.plist */ = {isa = PBXFileReference; lastKnownFileType = text.plist.xml; path = Info.plist; sourceTree = "<group>"; };
		AD8327EC273D27DB00E22C74 /* Assets.xcassets */ = {isa = PBXFileReference; lastKnownFileType = folder.assetcatalog; path = Assets.xcassets; sourceTree = "<group>"; };
		AD997ADA2725AC8C00882B70 /* Keyboard.entitlements */ = {isa = PBXFileReference; lastKnownFileType = text.plist.entitlements; path = Keyboard.entitlements; sourceTree = "<group>"; };
		AD997ADB2725ACAC00882B70 /* Quirky.entitlements */ = {isa = PBXFileReference; lastKnownFileType = text.plist.entitlements; path = Quirky.entitlements; sourceTree = "<group>"; };
		AD997AE42725B86800882B70 /* Settings.bundle */ = {isa = PBXFileReference; lastKnownFileType = "wrapper.plug-in"; path = Settings.bundle; sourceTree = "<group>"; };
		ADF8CD5527240B0E0054C917 /* Keyboard.appex */ = {isa = PBXFileReference; explicitFileType = "wrapper.app-extension"; includeInIndex = 0; path = Keyboard.appex; sourceTree = BUILT_PRODUCTS_DIR; };
		ADF8CD5727240B0E0054C917 /* KeyboardViewController.swift */ = {isa = PBXFileReference; lastKnownFileType = sourcecode.swift; path = KeyboardViewController.swift; sourceTree = "<group>"; };
		ADF8CD5927240B0E0054C917 /* Info.plist */ = {isa = PBXFileReference; lastKnownFileType = text.plist.xml; path = Info.plist; sourceTree = "<group>"; };
/* End PBXFileReference section */

/* Begin PBXFrameworksBuildPhase section */
		AD6006CE2724AC0D0039FFCA /* Frameworks */ = {
			isa = PBXFrameworksBuildPhase;
			buildActionMask = 2147483647;
			files = (
			);
			runOnlyForDeploymentPostprocessing = 0;
		};
		ADF8CD5227240B0E0054C917 /* Frameworks */ = {
			isa = PBXFrameworksBuildPhase;
			buildActionMask = 2147483647;
			files = (
			);
			runOnlyForDeploymentPostprocessing = 0;
		};
/* End PBXFrameworksBuildPhase section */

/* Begin PBXGroup section */
		AD6006D22724AC0D0039FFCA /* Quirky */ = {
			isa = PBXGroup;
			children = (
				AD8327EC273D27DB00E22C74 /* Assets.xcassets */,
				AD997ADB2725ACAC00882B70 /* Quirky.entitlements */,
				AD6006D32724AC0D0039FFCA /* AppDelegate.swift */,
				AD60069E2724885A0039FFCA /* keymapping.json */,
				AD6006D52724AC0D0039FFCA /* SceneDelegate.swift */,
				AD6006D72724AC0D0039FFCA /* ContentView.swift */,
				AD6006DE2724AC0F0039FFCA /* LaunchScreen.storyboard */,
				AD6006E12724AC0F0039FFCA /* Info.plist */,
				AD997AE42725B86800882B70 /* Settings.bundle */,
			);
			path = Quirky;
			sourceTree = "<group>";
		};
		AD997ADF2725AFB400882B70 /* Frameworks */ = {
			isa = PBXGroup;
			children = (
			);
			name = Frameworks;
			sourceTree = "<group>";
		};
		ADF8CD3627240A450054C917 = {
			isa = PBXGroup;
			children = (
				ADF8CD5627240B0E0054C917 /* Keyboard */,
				AD6006D22724AC0D0039FFCA /* Quirky */,
				ADF8CD4027240A450054C917 /* Products */,
				AD997ADF2725AFB400882B70 /* Frameworks */,
			);
			sourceTree = "<group>";
		};
		ADF8CD4027240A450054C917 /* Products */ = {
			isa = PBXGroup;
			children = (
				ADF8CD5527240B0E0054C917 /* Keyboard.appex */,
				AD6006D12724AC0D0039FFCA /* Quirky.app */,
			);
			name = Products;
			sourceTree = "<group>";
		};
		ADF8CD5627240B0E0054C917 /* Keyboard */ = {
			isa = PBXGroup;
			children = (
				AD997ADA2725AC8C00882B70 /* Keyboard.entitlements */,
				ADF8CD5727240B0E0054C917 /* KeyboardViewController.swift */,
				ADF8CD5927240B0E0054C917 /* Info.plist */,
			);
			path = Keyboard;
			sourceTree = "<group>";
		};
/* End PBXGroup section */

/* Begin PBXNativeTarget section */
		AD6006D02724AC0D0039FFCA /* Quirky */ = {
			isa = PBXNativeTarget;
			buildConfigurationList = AD6006E22724AC0F0039FFCA /* Build configuration list for PBXNativeTarget "Quirky" */;
			buildPhases = (
				AD6006CD2724AC0D0039FFCA /* Sources */,
				AD6006CE2724AC0D0039FFCA /* Frameworks */,
				AD6006CF2724AC0D0039FFCA /* Resources */,
				AD997AE32725AFB400882B70 /* Embed App Extensions */,
			);
			buildRules = (
			);
			dependencies = (
				AD997ADD2725AF4A00882B70 /* PBXTargetDependency */,
				AD997AE22725AFB400882B70 /* PBXTargetDependency */,
			);
			name = Quirky;
			productName = Quirky;
			productReference = AD6006D12724AC0D0039FFCA /* Quirky.app */;
			productType = "com.apple.product-type.application";
		};
		ADF8CD5427240B0E0054C917 /* Keyboard */ = {
			isa = PBXNativeTarget;
			buildConfigurationList = ADF8CD5D27240B0E0054C917 /* Build configuration list for PBXNativeTarget "Keyboard" */;
			buildPhases = (
				ADF8CD5127240B0E0054C917 /* Sources */,
				ADF8CD5227240B0E0054C917 /* Frameworks */,
				ADF8CD5327240B0E0054C917 /* Resources */,
			);
			buildRules = (
			);
			dependencies = (
			);
			name = Keyboard;
			productName = Keyboard;
			productReference = ADF8CD5527240B0E0054C917 /* Keyboard.appex */;
			productType = "com.apple.product-type.app-extension";
		};
/* End PBXNativeTarget section */

/* Begin PBXProject section */
		ADF8CD3727240A450054C917 /* Project object */ = {
			isa = PBXProject;
			attributes = {
				LastSwiftUpdateCheck = 1250;
				LastUpgradeCheck = 1250;
				TargetAttributes = {
					AD6006D02724AC0D0039FFCA = {
						CreatedOnToolsVersion = 12.5;
					};
					ADF8CD5427240B0E0054C917 = {
						CreatedOnToolsVersion = 12.5;
					};
				};
			};
			buildConfigurationList = ADF8CD3A27240A450054C917 /* Build configuration list for PBXProject "QuirkyKeys" */;
			compatibilityVersion = "Xcode 9.3";
			developmentRegion = en;
			hasScannedForEncodings = 0;
			knownRegions = (
				en,
				Base,
			);
			mainGroup = ADF8CD3627240A450054C917;
			productRefGroup = ADF8CD4027240A450054C917 /* Products */;
			projectDirPath = "";
			projectRoot = "";
			targets = (
				ADF8CD5427240B0E0054C917 /* Keyboard */,
				AD6006D02724AC0D0039FFCA /* Quirky */,
			);
		};
/* End PBXProject section */

/* Begin PBXResourcesBuildPhase section */
		AD6006CF2724AC0D0039FFCA /* Resources */ = {
			isa = PBXResourcesBuildPhase;
			buildActionMask = 2147483647;
			files = (
				AD997AE52725B86800882B70 /* Settings.bundle in Resources */,
				AD6006E52724B0AE0039FFCA /* keymapping.json in Resources */,
				AD8327ED273D27DC00E22C74 /* Assets.xcassets in Resources */,
				AD6006E02724AC0F0039FFCA /* LaunchScreen.storyboard in Resources */,
			);
			runOnlyForDeploymentPostprocessing = 0;
		};
		ADF8CD5327240B0E0054C917 /* Resources */ = {
			isa = PBXResourcesBuildPhase;
			buildActionMask = 2147483647;
			files = (
			);
			runOnlyForDeploymentPostprocessing = 0;
		};
/* End PBXResourcesBuildPhase section */

/* Begin PBXSourcesBuildPhase section */
		AD6006CD2724AC0D0039FFCA /* Sources */ = {
			isa = PBXSourcesBuildPhase;
			buildActionMask = 2147483647;
			files = (
				AD6006D42724AC0D0039FFCA /* AppDelegate.swift in Sources */,
				AD6006D62724AC0D0039FFCA /* SceneDelegate.swift in Sources */,
				AD6006D82724AC0D0039FFCA /* ContentView.swift in Sources */,
			);
			runOnlyForDeploymentPostprocessing = 0;
		};
		ADF8CD5127240B0E0054C917 /* Sources */ = {
			isa = PBXSourcesBuildPhase;
			buildActionMask = 2147483647;
			files = (
				ADF8CD5827240B0E0054C917 /* KeyboardViewController.swift in Sources */,
			);
			runOnlyForDeploymentPostprocessing = 0;
		};
/* End PBXSourcesBuildPhase section */

/* Begin PBXTargetDependency section */
		AD997ADD2725AF4A00882B70 /* PBXTargetDependency */ = {
			isa = PBXTargetDependency;
			target = ADF8CD5427240B0E0054C917 /* Keyboard */;
			targetProxy = AD997ADC2725AF4A00882B70 /* PBXContainerItemProxy */;
		};
		AD997AE22725AFB400882B70 /* PBXTargetDependency */ = {
			isa = PBXTargetDependency;
			target = ADF8CD5427240B0E0054C917 /* Keyboard */;
			targetProxy = AD997AE12725AFB400882B70 /* PBXContainerItemProxy */;
		};
/* End PBXTargetDependency section */

/* Begin PBXVariantGroup section */
		AD6006DE2724AC0F0039FFCA /* LaunchScreen.storyboard */ = {
			isa = PBXVariantGroup;
			children = (
				AD6006DF2724AC0F0039FFCA /* Base */,
			);
			name = LaunchScreen.storyboard;
			sourceTree = "<group>";
		};
/* End PBXVariantGroup section */

/* Begin XCBuildConfiguration section */
		AD6006E32724AC0F0039FFCA /* Debug */ = {
			isa = XCBuildConfiguration;
			buildSettings = {
				ASSETCATALOG_COMPILER_APPICON_NAME = AppIcon;
				ASSETCATALOG_COMPILER_GLOBAL_ACCENT_COLOR_NAME = AccentColor;
				CODE_SIGN_ENTITLEMENTS = Quirky/Quirky.entitlements;
				CODE_SIGN_STYLE = Automatic;
				CURRENT_PROJECT_VERSION = 13;
				DEVELOPMENT_ASSET_PATHS = "";
				DEVELOPMENT_TEAM = PNJ9AX7795;
				ENABLE_PREVIEWS = YES;
				INFOPLIST_FILE = Quirky/Info.plist;
				IPHONEOS_DEPLOYMENT_TARGET = 14.0;
				LD_RUNPATH_SEARCH_PATHS = (
					"$(inherited)",
					"@executable_path/Frameworks",
				);
				MARKETING_VERSION = 1.11;
				PRODUCT_BUNDLE_IDENTIFIER = uk.co.hanken.QuirkyApp.Quirky;
				PRODUCT_NAME = "$(TARGET_NAME)";
				SWIFT_VERSION = 5.0;
				TARGETED_DEVICE_FAMILY = "1,2";
			};
			name = Debug;
		};
		AD6006E42724AC0F0039FFCA /* Release */ = {
			isa = XCBuildConfiguration;
			buildSettings = {
				ASSETCATALOG_COMPILER_APPICON_NAME = AppIcon;
				ASSETCATALOG_COMPILER_GLOBAL_ACCENT_COLOR_NAME = AccentColor;
				CODE_SIGN_ENTITLEMENTS = Quirky/Quirky.entitlements;
				CODE_SIGN_STYLE = Automatic;
				CURRENT_PROJECT_VERSION = 13;
				DEVELOPMENT_ASSET_PATHS = "";
				DEVELOPMENT_TEAM = PNJ9AX7795;
				ENABLE_PREVIEWS = YES;
				INFOPLIST_FILE = Quirky/Info.plist;
				IPHONEOS_DEPLOYMENT_TARGET = 14.0;
				LD_RUNPATH_SEARCH_PATHS = (
					"$(inherited)",
					"@executable_path/Frameworks",
				);
				MARKETING_VERSION = 1.11;
				PRODUCT_BUNDLE_IDENTIFIER = uk.co.hanken.QuirkyApp.Quirky;
				PRODUCT_NAME = "$(TARGET_NAME)";
				SWIFT_VERSION = 5.0;
				TARGETED_DEVICE_FAMILY = "1,2";
			};
			name = Release;
		};
		ADF8CD4C27240A480054C917 /* Debug */ = {
			isa = XCBuildConfiguration;
			buildSettings = {
				ALWAYS_SEARCH_USER_PATHS = NO;
				CLANG_ANALYZER_NONNULL = YES;
				CLANG_ANALYZER_NUMBER_OBJECT_CONVERSION = YES_AGGRESSIVE;
				CLANG_CXX_LANGUAGE_STANDARD = "gnu++14";
				CLANG_CXX_LIBRARY = "libc++";
				CLANG_ENABLE_MODULES = YES;
				CLANG_ENABLE_OBJC_ARC = YES;
				CLANG_ENABLE_OBJC_WEAK = YES;
				CLANG_WARN_BLOCK_CAPTURE_AUTORELEASING = YES;
				CLANG_WARN_BOOL_CONVERSION = YES;
				CLANG_WARN_COMMA = YES;
				CLANG_WARN_CONSTANT_CONVERSION = YES;
				CLANG_WARN_DEPRECATED_OBJC_IMPLEMENTATIONS = YES;
				CLANG_WARN_DIRECT_OBJC_ISA_USAGE = YES_ERROR;
				CLANG_WARN_DOCUMENTATION_COMMENTS = YES;
				CLANG_WARN_EMPTY_BODY = YES;
				CLANG_WARN_ENUM_CONVERSION = YES;
				CLANG_WARN_INFINITE_RECURSION = YES;
				CLANG_WARN_INT_CONVERSION = YES;
				CLANG_WARN_NON_LITERAL_NULL_CONVERSION = YES;
				CLANG_WARN_OBJC_IMPLICIT_RETAIN_SELF = YES;
				CLANG_WARN_OBJC_LITERAL_CONVERSION = YES;
				CLANG_WARN_OBJC_ROOT_CLASS = YES_ERROR;
				CLANG_WARN_QUOTED_INCLUDE_IN_FRAMEWORK_HEADER = YES;
				CLANG_WARN_RANGE_LOOP_ANALYSIS = YES;
				CLANG_WARN_STRICT_PROTOTYPES = YES;
				CLANG_WARN_SUSPICIOUS_MOVE = YES;
				CLANG_WARN_UNGUARDED_AVAILABILITY = YES_AGGRESSIVE;
				CLANG_WARN_UNREACHABLE_CODE = YES;
				CLANG_WARN__DUPLICATE_METHOD_MATCH = YES;
				COPY_PHASE_STRIP = NO;
				DEBUG_INFORMATION_FORMAT = dwarf;
				ENABLE_STRICT_OBJC_MSGSEND = YES;
				ENABLE_TESTABILITY = YES;
				GCC_C_LANGUAGE_STANDARD = gnu11;
				GCC_DYNAMIC_NO_PIC = NO;
				GCC_NO_COMMON_BLOCKS = YES;
				GCC_OPTIMIZATION_LEVEL = 0;
				GCC_PREPROCESSOR_DEFINITIONS = (
					"DEBUG=1",
					"$(inherited)",
				);
				GCC_WARN_64_TO_32_BIT_CONVERSION = YES;
				GCC_WARN_ABOUT_RETURN_TYPE = YES_ERROR;
				GCC_WARN_UNDECLARED_SELECTOR = YES;
				GCC_WARN_UNINITIALIZED_AUTOS = YES_AGGRESSIVE;
				GCC_WARN_UNUSED_FUNCTION = YES;
				GCC_WARN_UNUSED_VARIABLE = YES;
				IPHONEOS_DEPLOYMENT_TARGET = 14.0;
				MTL_ENABLE_DEBUG_INFO = INCLUDE_SOURCE;
				MTL_FAST_MATH = YES;
				ONLY_ACTIVE_ARCH = YES;
				SDKROOT = iphoneos;
				SWIFT_ACTIVE_COMPILATION_CONDITIONS = DEBUG;
				SWIFT_OPTIMIZATION_LEVEL = "-Onone";
			};
			name = Debug;
		};
		ADF8CD4D27240A480054C917 /* Release */ = {
			isa = XCBuildConfiguration;
			buildSettings = {
				ALWAYS_SEARCH_USER_PATHS = NO;
				CLANG_ANALYZER_NONNULL = YES;
				CLANG_ANALYZER_NUMBER_OBJECT_CONVERSION = YES_AGGRESSIVE;
				CLANG_CXX_LANGUAGE_STANDARD = "gnu++14";
				CLANG_CXX_LIBRARY = "libc++";
				CLANG_ENABLE_MODULES = YES;
				CLANG_ENABLE_OBJC_ARC = YES;
				CLANG_ENABLE_OBJC_WEAK = YES;
				CLANG_WARN_BLOCK_CAPTURE_AUTORELEASING = YES;
				CLANG_WARN_BOOL_CONVERSION = YES;
				CLANG_WARN_COMMA = YES;
				CLANG_WARN_CONSTANT_CONVERSION = YES;
				CLANG_WARN_DEPRECATED_OBJC_IMPLEMENTATIONS = YES;
				CLANG_WARN_DIRECT_OBJC_ISA_USAGE = YES_ERROR;
				CLANG_WARN_DOCUMENTATION_COMMENTS = YES;
				CLANG_WARN_EMPTY_BODY = YES;
				CLANG_WARN_ENUM_CONVERSION = YES;
				CLANG_WARN_INFINITE_RECURSION = YES;
				CLANG_WARN_INT_CONVERSION = YES;
				CLANG_WARN_NON_LITERAL_NULL_CONVERSION = YES;
				CLANG_WARN_OBJC_IMPLICIT_RETAIN_SELF = YES;
				CLANG_WARN_OBJC_LITERAL_CONVERSION = YES;
				CLANG_WARN_OBJC_ROOT_CLASS = YES_ERROR;
				CLANG_WARN_QUOTED_INCLUDE_IN_FRAMEWORK_HEADER = YES;
				CLANG_WARN_RANGE_LOOP_ANALYSIS = YES;
				CLANG_WARN_STRICT_PROTOTYPES = YES;
				CLANG_WARN_SUSPICIOUS_MOVE = YES;
				CLANG_WARN_UNGUARDED_AVAILABILITY = YES_AGGRESSIVE;
				CLANG_WARN_UNREACHABLE_CODE = YES;
				CLANG_WARN__DUPLICATE_METHOD_MATCH = YES;
				COPY_PHASE_STRIP = NO;
				DEBUG_INFORMATION_FORMAT = "dwarf-with-dsym";
				ENABLE_NS_ASSERTIONS = NO;
				ENABLE_STRICT_OBJC_MSGSEND = YES;
				GCC_C_LANGUAGE_STANDARD = gnu11;
				GCC_NO_COMMON_BLOCKS = YES;
				GCC_WARN_64_TO_32_BIT_CONVERSION = YES;
				GCC_WARN_ABOUT_RETURN_TYPE = YES_ERROR;
				GCC_WARN_UNDECLARED_SELECTOR = YES;
				GCC_WARN_UNINITIALIZED_AUTOS = YES_AGGRESSIVE;
				GCC_WARN_UNUSED_FUNCTION = YES;
				GCC_WARN_UNUSED_VARIABLE = YES;
				IPHONEOS_DEPLOYMENT_TARGET = 14.0;
				MTL_ENABLE_DEBUG_INFO = NO;
				MTL_FAST_MATH = YES;
				SDKROOT = iphoneos;
				SWIFT_COMPILATION_MODE = wholemodule;
				SWIFT_OPTIMIZATION_LEVEL = "-O";
				VALIDATE_PRODUCT = YES;
			};
			name = Release;
		};
		ADF8CD5E27240B0E0054C917 /* Debug */ = {
			isa = XCBuildConfiguration;
			buildSettings = {
				CODE_SIGN_ENTITLEMENTS = Keyboard/Keyboard.entitlements;
				CODE_SIGN_STYLE = Automatic;
				CURRENT_PROJECT_VERSION = 13;
				DEVELOPMENT_TEAM = PNJ9AX7795;
				INFOPLIST_FILE = Keyboard/Info.plist;
				IPHONEOS_DEPLOYMENT_TARGET = 14.0;
				LD_RUNPATH_SEARCH_PATHS = (
					"$(inherited)",
					"@executable_path/Frameworks",
					"@executable_path/../../Frameworks",
				);
				MARKETING_VERSION = 1.11;
				PRODUCT_BUNDLE_IDENTIFIER = uk.co.hanken.QuirkyApp.Quirky.Keyboard;
				PRODUCT_NAME = "$(TARGET_NAME)";
				SKIP_INSTALL = YES;
				SWIFT_VERSION = 5.0;
				TARGETED_DEVICE_FAMILY = "1,2";
			};
			name = Debug;
		};
		ADF8CD5F27240B0E0054C917 /* Release */ = {
			isa = XCBuildConfiguration;
			buildSettings = {
				CODE_SIGN_ENTITLEMENTS = Keyboard/Keyboard.entitlements;
				CODE_SIGN_STYLE = Automatic;
				CURRENT_PROJECT_VERSION = 13;
				DEVELOPMENT_TEAM = PNJ9AX7795;
				INFOPLIST_FILE = Keyboard/Info.plist;
				IPHONEOS_DEPLOYMENT_TARGET = 14.0;
				LD_RUNPATH_SEARCH_PATHS = (
					"$(inherited)",
					"@executable_path/Frameworks",
					"@executable_path/../../Frameworks",
				);
				MARKETING_VERSION = 1.11;
				PRODUCT_BUNDLE_IDENTIFIER = uk.co.hanken.QuirkyApp.Quirky.Keyboard;
				PRODUCT_NAME = "$(TARGET_NAME)";
				SKIP_INSTALL = YES;
				SWIFT_VERSION = 5.0;
				TARGETED_DEVICE_FAMILY = "1,2";
			};
			name = Release;
		};
/* End XCBuildConfiguration section */

/* Begin XCConfigurationList section */
		AD6006E22724AC0F0039FFCA /* Build configuration list for PBXNativeTarget "Quirky" */ = {
			isa = XCConfigurationList;
			buildConfigurations = (
				AD6006E32724AC0F0039FFCA /* Debug */,
				AD6006E42724AC0F0039FFCA /* Release */,
			);
			defaultConfigurationIsVisible = 0;
			defaultConfigurationName = Release;
		};
		ADF8CD3A27240A450054C917 /* Build configuration list for PBXProject "QuirkyKeys" */ = {
			isa = XCConfigurationList;
			buildConfigurations = (
				ADF8CD4C27240A480054C917 /* Debug */,
				ADF8CD4D27240A480054C917 /* Release */,
			);
			defaultConfigurationIsVisible = 0;
			defaultConfigurationName = Release;
		};
		ADF8CD5D27240B0E0054C917 /* Build configuration list for PBXNativeTarget "Keyboard" */ = {
			isa = XCConfigurationList;
			buildConfigurations = (
				ADF8CD5E27240B0E0054C917 /* Debug */,
				ADF8CD5F27240B0E0054C917 /* Release */,
			);
			defaultConfigurationIsVisible = 0;
			defaultConfigurationName = Release;
		};
/* End XCConfigurationList section */
	};
	rootObject = ADF8CD3727240A450054C917 /* Project object */;
}
